
Microsoft Visual Studio Solution File, Format Version 12.00
# Visual Studio Version 17
VisualStudioVersion = 17.0.31717.71
MinimumVisualStudioVersion = 10.0.40219.1
Project("{2150E333-8FDC-42A3-9474-1A3956D46DE8}") = "Shared", "Shared", "{A6499265-7D10-4789-A534-99383C56EDE8}"
EndProject
Project("{2150E333-8FDC-42A3-9474-1A3956D46DE8}") = "ProductCatalog", "ProductCatalog", "{D16F6792-DF1A-4582-88AA-C21308101FA0}"
EndProject
Project("{2150E333-8FDC-42A3-9474-1A3956D46DE8}") = "MarketIdentity", "MarketIdentity", "{789FF209-A560-41CE-AE28-104D266A5386}"
EndProject
Project("{9A19103F-16F7-4668-BE54-9A1E7A4F7556}") = "Market.Shared", "Shared\Market.Shared\Market.Shared.csproj", "{17770AF2-56B2-4C74-A577-303D641659FD}"
EndProject
Project("{9A19103F-16F7-4668-BE54-9A1E7A4F7556}") = "Market.Shared.Integration.Tests", "Shared\Market.Shared.Integration.Tests\Market.Shared.Integration.Tests.csproj", "{9666F5F6-C189-4EFB-9280-E34F56397308}"
EndProject
Project("{9A19103F-16F7-4668-BE54-9A1E7A4F7556}") = "Domain", "ProductCatalog\Domain\Domain.csproj", "{BD8706CC-07D3-4675-B4A5-9ED40785B419}"
EndProject
Project("{9A19103F-16F7-4668-BE54-9A1E7A4F7556}") = "Application", "ProductCatalog\Application\Application.csproj", "{87E48F23-E2A2-4204-8FA0-C708568BEED0}"
EndProject
Project("{9A19103F-16F7-4668-BE54-9A1E7A4F7556}") = "Infrastructure", "ProductCatalog\Infrastructure\Infrastructure.csproj", "{142FFC1C-9C10-4787-9472-221CBC400294}"
EndProject
Project("{9A19103F-16F7-4668-BE54-9A1E7A4F7556}") = "API", "ProductCatalog\API\API.csproj", "{C22C103A-9E47-404D-8AB7-0FFCF5A9EE62}"
EndProject
Project("{2150E333-8FDC-42A3-9474-1A3956D46DE8}") = "Tests", "Tests", "{72EE1A40-3CAB-4827-9D8D-6451948546B6}"
	ProjectSection(SolutionItems) = preProject
		ProductCatalog\tests\Domain.UnitTests\Domain.UnitTests.csproj = ProductCatalog\tests\Domain.UnitTests\Domain.UnitTests.csproj
	EndProjectSection
EndProject
Project("{9A19103F-16F7-4668-BE54-9A1E7A4F7556}") = "Market.Identity.Api", "MarketIdentity\Market.Identity.Api\Market.Identity.Api.csproj", "{431B665C-C7ED-4E4A-96A5-E208D7B0926D}"
EndProject
Project("{2150E333-8FDC-42A3-9474-1A3956D46DE8}") = "Tests", "Tests", "{6918508A-AF3F-4062-96AC-632CFB93C44D}"
EndProject
Project("{9A19103F-16F7-4668-BE54-9A1E7A4F7556}") = "Market.Identity.Api.IntegrationTests", "MarketIdentity\Tests\Market.Identity.Api.IntegrationTests\Market.Identity.Api.IntegrationTests.csproj", "{7368B56F-8976-4EDA-957C-45D03BF101D0}"
EndProject
Project("{9A19103F-16F7-4668-BE54-9A1E7A4F7556}") = "Application.IntegrationTests", "ProductCatalog\tests\Application.IntegrationTests\Application.IntegrationTests.csproj", "{17D5898D-D6E2-4DD1-A868-F3E0B9683590}"
EndProject
Project("{9A19103F-16F7-4668-BE54-9A1E7A4F7556}") = "Market.Shared.Services", "Shared\Market.Shared.Services\Market.Shared.Services.csproj", "{E428AA23-1299-46BB-898A-8C0D669C18B8}"
EndProject
Project("{2150E333-8FDC-42A3-9474-1A3956D46DE8}") = "Basket", "Basket", "{E5088FAE-C13F-4405-93B2-9ECFD8E8491F}"
EndProject
Project("{9A19103F-16F7-4668-BE54-9A1E7A4F7556}") = "Basket.API", "Basket\src\API\Basket.API.csproj", "{51E62279-5390-49C2-ABBE-96C525932F76}"
EndProject
Project("{9A19103F-16F7-4668-BE54-9A1E7A4F7556}") = "Basket.Application", "Basket\src\Application\Basket.Application.csproj", "{76F7DB66-5BED-43B4-AB3F-FBFA65B148DB}"
EndProject
Project("{9A19103F-16F7-4668-BE54-9A1E7A4F7556}") = "Basket.Domain", "Basket\src\Domain\Basket.Domain.csproj", "{FEBC1AF4-5787-4281-8013-662D56B1BAEC}"
EndProject
Project("{9A19103F-16F7-4668-BE54-9A1E7A4F7556}") = "Basket.Infrastructure", "Basket\src\Infrastructure\Basket.Infrastructure.csproj", "{783613B3-F33E-4DB7-8E68-9C1DBC104BE8}"
EndProject
Project("{2150E333-8FDC-42A3-9474-1A3956D46DE8}") = "Tests", "Tests", "{A7F95D88-43A7-4E3F-9E68-86D56D955593}"
EndProject
Project("{9A19103F-16F7-4668-BE54-9A1E7A4F7556}") = "Basket.Application.IntegrationTests", "Basket\tests\Application.IntegrationTests\Basket.Application.IntegrationTests.csproj", "{C5ACFD5F-6033-48DC-8ED4-750877154E43}"
EndProject
Project("{9A19103F-16F7-4668-BE54-9A1E7A4F7556}") = "Basket.Application.UnitTests", "Basket\tests\Application.UnitTests\Basket.Application.UnitTests.csproj", "{6C31544F-D185-4AE0-B5EC-73AE4514D9DF}"
EndProject
Project("{9A19103F-16F7-4668-BE54-9A1E7A4F7556}") = "Basket.Domain.UnitTests", "Basket\tests\Domain.UnitTests\Basket.Domain.UnitTests.csproj", "{2E0E363E-4B17-478A-AB44-D766B5B66975}"
EndProject
Project("{FAE04EC0-301F-11D3-BF4B-00C04F79EFBC}") = "Market.Shared.CorrelationId", "Shared\Market.Shared.CorrelationId\Market.Shared.CorrelationId.csproj", "{55B0C615-D7A8-4C71-BC19-3542C69C2624}"
EndProject
Global
	GlobalSection(SolutionConfigurationPlatforms) = preSolution
		Debug|Any CPU = Debug|Any CPU
		Release|Any CPU = Release|Any CPU
	EndGlobalSection
	GlobalSection(ProjectConfigurationPlatforms) = postSolution
		{17770AF2-56B2-4C74-A577-303D641659FD}.Debug|Any CPU.ActiveCfg = Debug|Any CPU
		{17770AF2-56B2-4C74-A577-303D641659FD}.Debug|Any CPU.Build.0 = Debug|Any CPU
		{17770AF2-56B2-4C74-A577-303D641659FD}.Release|Any CPU.ActiveCfg = Release|Any CPU
		{17770AF2-56B2-4C74-A577-303D641659FD}.Release|Any CPU.Build.0 = Release|Any CPU
		{9666F5F6-C189-4EFB-9280-E34F56397308}.Debug|Any CPU.ActiveCfg = Debug|Any CPU
		{9666F5F6-C189-4EFB-9280-E34F56397308}.Debug|Any CPU.Build.0 = Debug|Any CPU
		{9666F5F6-C189-4EFB-9280-E34F56397308}.Release|Any CPU.ActiveCfg = Release|Any CPU
		{9666F5F6-C189-4EFB-9280-E34F56397308}.Release|Any CPU.Build.0 = Release|Any CPU
		{BD8706CC-07D3-4675-B4A5-9ED40785B419}.Debug|Any CPU.ActiveCfg = Debug|Any CPU
		{BD8706CC-07D3-4675-B4A5-9ED40785B419}.Debug|Any CPU.Build.0 = Debug|Any CPU
		{BD8706CC-07D3-4675-B4A5-9ED40785B419}.Release|Any CPU.ActiveCfg = Release|Any CPU
		{BD8706CC-07D3-4675-B4A5-9ED40785B419}.Release|Any CPU.Build.0 = Release|Any CPU
		{87E48F23-E2A2-4204-8FA0-C708568BEED0}.Debug|Any CPU.ActiveCfg = Debug|Any CPU
		{87E48F23-E2A2-4204-8FA0-C708568BEED0}.Debug|Any CPU.Build.0 = Debug|Any CPU
		{87E48F23-E2A2-4204-8FA0-C708568BEED0}.Release|Any CPU.ActiveCfg = Release|Any CPU
		{87E48F23-E2A2-4204-8FA0-C708568BEED0}.Release|Any CPU.Build.0 = Release|Any CPU
		{142FFC1C-9C10-4787-9472-221CBC400294}.Debug|Any CPU.ActiveCfg = Debug|Any CPU
		{142FFC1C-9C10-4787-9472-221CBC400294}.Debug|Any CPU.Build.0 = Debug|Any CPU
		{142FFC1C-9C10-4787-9472-221CBC400294}.Release|Any CPU.ActiveCfg = Release|Any CPU
		{142FFC1C-9C10-4787-9472-221CBC400294}.Release|Any CPU.Build.0 = Release|Any CPU
		{C22C103A-9E47-404D-8AB7-0FFCF5A9EE62}.Debug|Any CPU.ActiveCfg = Debug|Any CPU
		{C22C103A-9E47-404D-8AB7-0FFCF5A9EE62}.Debug|Any CPU.Build.0 = Debug|Any CPU
		{C22C103A-9E47-404D-8AB7-0FFCF5A9EE62}.Release|Any CPU.ActiveCfg = Release|Any CPU
		{C22C103A-9E47-404D-8AB7-0FFCF5A9EE62}.Release|Any CPU.Build.0 = Release|Any CPU
		{431B665C-C7ED-4E4A-96A5-E208D7B0926D}.Debug|Any CPU.ActiveCfg = Debug|Any CPU
		{431B665C-C7ED-4E4A-96A5-E208D7B0926D}.Debug|Any CPU.Build.0 = Debug|Any CPU
		{431B665C-C7ED-4E4A-96A5-E208D7B0926D}.Release|Any CPU.ActiveCfg = Release|Any CPU
		{431B665C-C7ED-4E4A-96A5-E208D7B0926D}.Release|Any CPU.Build.0 = Release|Any CPU
		{7368B56F-8976-4EDA-957C-45D03BF101D0}.Debug|Any CPU.ActiveCfg = Debug|Any CPU
		{7368B56F-8976-4EDA-957C-45D03BF101D0}.Debug|Any CPU.Build.0 = Debug|Any CPU
		{7368B56F-8976-4EDA-957C-45D03BF101D0}.Release|Any CPU.ActiveCfg = Release|Any CPU
		{7368B56F-8976-4EDA-957C-45D03BF101D0}.Release|Any CPU.Build.0 = Release|Any CPU
		{17D5898D-D6E2-4DD1-A868-F3E0B9683590}.Debug|Any CPU.ActiveCfg = Debug|Any CPU
		{17D5898D-D6E2-4DD1-A868-F3E0B9683590}.Debug|Any CPU.Build.0 = Debug|Any CPU
		{17D5898D-D6E2-4DD1-A868-F3E0B9683590}.Release|Any CPU.ActiveCfg = Release|Any CPU
		{17D5898D-D6E2-4DD1-A868-F3E0B9683590}.Release|Any CPU.Build.0 = Release|Any CPU
		{E428AA23-1299-46BB-898A-8C0D669C18B8}.Debug|Any CPU.ActiveCfg = Debug|Any CPU
		{E428AA23-1299-46BB-898A-8C0D669C18B8}.Debug|Any CPU.Build.0 = Debug|Any CPU
		{E428AA23-1299-46BB-898A-8C0D669C18B8}.Release|Any CPU.ActiveCfg = Release|Any CPU
		{E428AA23-1299-46BB-898A-8C0D669C18B8}.Release|Any CPU.Build.0 = Release|Any CPU
		{51E62279-5390-49C2-ABBE-96C525932F76}.Debug|Any CPU.ActiveCfg = Debug|Any CPU
		{51E62279-5390-49C2-ABBE-96C525932F76}.Debug|Any CPU.Build.0 = Debug|Any CPU
		{51E62279-5390-49C2-ABBE-96C525932F76}.Release|Any CPU.ActiveCfg = Release|Any CPU
		{51E62279-5390-49C2-ABBE-96C525932F76}.Release|Any CPU.Build.0 = Release|Any CPU
		{76F7DB66-5BED-43B4-AB3F-FBFA65B148DB}.Debug|Any CPU.ActiveCfg = Debug|Any CPU
		{76F7DB66-5BED-43B4-AB3F-FBFA65B148DB}.Debug|Any CPU.Build.0 = Debug|Any CPU
		{76F7DB66-5BED-43B4-AB3F-FBFA65B148DB}.Release|Any CPU.ActiveCfg = Release|Any CPU
		{76F7DB66-5BED-43B4-AB3F-FBFA65B148DB}.Release|Any CPU.Build.0 = Release|Any CPU
		{FEBC1AF4-5787-4281-8013-662D56B1BAEC}.Debug|Any CPU.ActiveCfg = Debug|Any CPU
		{FEBC1AF4-5787-4281-8013-662D56B1BAEC}.Debug|Any CPU.Build.0 = Debug|Any CPU
		{FEBC1AF4-5787-4281-8013-662D56B1BAEC}.Release|Any CPU.ActiveCfg = Release|Any CPU
		{FEBC1AF4-5787-4281-8013-662D56B1BAEC}.Release|Any CPU.Build.0 = Release|Any CPU
		{783613B3-F33E-4DB7-8E68-9C1DBC104BE8}.Debug|Any CPU.ActiveCfg = Debug|Any CPU
		{783613B3-F33E-4DB7-8E68-9C1DBC104BE8}.Debug|Any CPU.Build.0 = Debug|Any CPU
		{783613B3-F33E-4DB7-8E68-9C1DBC104BE8}.Release|Any CPU.ActiveCfg = Release|Any CPU
		{783613B3-F33E-4DB7-8E68-9C1DBC104BE8}.Release|Any CPU.Build.0 = Release|Any CPU
		{C5ACFD5F-6033-48DC-8ED4-750877154E43}.Debug|Any CPU.ActiveCfg = Debug|Any CPU
		{C5ACFD5F-6033-48DC-8ED4-750877154E43}.Debug|Any CPU.Build.0 = Debug|Any CPU
		{C5ACFD5F-6033-48DC-8ED4-750877154E43}.Release|Any CPU.ActiveCfg = Release|Any CPU
		{C5ACFD5F-6033-48DC-8ED4-750877154E43}.Release|Any CPU.Build.0 = Release|Any CPU
		{6C31544F-D185-4AE0-B5EC-73AE4514D9DF}.Debug|Any CPU.ActiveCfg = Debug|Any CPU
		{6C31544F-D185-4AE0-B5EC-73AE4514D9DF}.Debug|Any CPU.Build.0 = Debug|Any CPU
		{6C31544F-D185-4AE0-B5EC-73AE4514D9DF}.Release|Any CPU.ActiveCfg = Release|Any CPU
		{6C31544F-D185-4AE0-B5EC-73AE4514D9DF}.Release|Any CPU.Build.0 = Release|Any CPU
		{2E0E363E-4B17-478A-AB44-D766B5B66975}.Debug|Any CPU.ActiveCfg = Debug|Any CPU
		{2E0E363E-4B17-478A-AB44-D766B5B66975}.Debug|Any CPU.Build.0 = Debug|Any CPU
		{2E0E363E-4B17-478A-AB44-D766B5B66975}.Release|Any CPU.ActiveCfg = Release|Any CPU
		{2E0E363E-4B17-478A-AB44-D766B5B66975}.Release|Any CPU.Build.0 = Release|Any CPU
		{55B0C615-D7A8-4C71-BC19-3542C69C2624}.Debug|Any CPU.ActiveCfg = Debug|Any CPU
		{55B0C615-D7A8-4C71-BC19-3542C69C2624}.Debug|Any CPU.Build.0 = Debug|Any CPU
		{55B0C615-D7A8-4C71-BC19-3542C69C2624}.Release|Any CPU.ActiveCfg = Release|Any CPU
		{55B0C615-D7A8-4C71-BC19-3542C69C2624}.Release|Any CPU.Build.0 = Release|Any CPU
	EndGlobalSection
	GlobalSection(SolutionProperties) = preSolution
		HideSolutionNode = FALSE
	EndGlobalSection
	GlobalSection(NestedProjects) = preSolution
		{17770AF2-56B2-4C74-A577-303D641659FD} = {A6499265-7D10-4789-A534-99383C56EDE8}
		{9666F5F6-C189-4EFB-9280-E34F56397308} = {A6499265-7D10-4789-A534-99383C56EDE8}
		{BD8706CC-07D3-4675-B4A5-9ED40785B419} = {D16F6792-DF1A-4582-88AA-C21308101FA0}
		{87E48F23-E2A2-4204-8FA0-C708568BEED0} = {D16F6792-DF1A-4582-88AA-C21308101FA0}
		{142FFC1C-9C10-4787-9472-221CBC400294} = {D16F6792-DF1A-4582-88AA-C21308101FA0}
		{C22C103A-9E47-404D-8AB7-0FFCF5A9EE62} = {D16F6792-DF1A-4582-88AA-C21308101FA0}
		{72EE1A40-3CAB-4827-9D8D-6451948546B6} = {D16F6792-DF1A-4582-88AA-C21308101FA0}
		{431B665C-C7ED-4E4A-96A5-E208D7B0926D} = {789FF209-A560-41CE-AE28-104D266A5386}
		{6918508A-AF3F-4062-96AC-632CFB93C44D} = {789FF209-A560-41CE-AE28-104D266A5386}
		{7368B56F-8976-4EDA-957C-45D03BF101D0} = {6918508A-AF3F-4062-96AC-632CFB93C44D}
		{17D5898D-D6E2-4DD1-A868-F3E0B9683590} = {72EE1A40-3CAB-4827-9D8D-6451948546B6}
		{E428AA23-1299-46BB-898A-8C0D669C18B8} = {A6499265-7D10-4789-A534-99383C56EDE8}
		{51E62279-5390-49C2-ABBE-96C525932F76} = {E5088FAE-C13F-4405-93B2-9ECFD8E8491F}
		{76F7DB66-5BED-43B4-AB3F-FBFA65B148DB} = {E5088FAE-C13F-4405-93B2-9ECFD8E8491F}
		{FEBC1AF4-5787-4281-8013-662D56B1BAEC} = {E5088FAE-C13F-4405-93B2-9ECFD8E8491F}
		{783613B3-F33E-4DB7-8E68-9C1DBC104BE8} = {E5088FAE-C13F-4405-93B2-9ECFD8E8491F}
		{A7F95D88-43A7-4E3F-9E68-86D56D955593} = {E5088FAE-C13F-4405-93B2-9ECFD8E8491F}
		{C5ACFD5F-6033-48DC-8ED4-750877154E43} = {A7F95D88-43A7-4E3F-9E68-86D56D955593}
		{6C31544F-D185-4AE0-B5EC-73AE4514D9DF} = {A7F95D88-43A7-4E3F-9E68-86D56D955593}
		{2E0E363E-4B17-478A-AB44-D766B5B66975} = {A7F95D88-43A7-4E3F-9E68-86D56D955593}
		{55B0C615-D7A8-4C71-BC19-3542C69C2624} = {A6499265-7D10-4789-A534-99383C56EDE8}
	EndGlobalSection
	GlobalSection(ExtensibilityGlobals) = postSolution
		SolutionGuid = {63F43649-9E07-495C-ADDF-096505AC8565}
	EndGlobalSection
EndGlobal
